
Microsoft Visual Studio Solution File, Format Version 12.00
# Visual Studio Version 17
VisualStudioVersion = 17.14.36401.2
MinimumVisualStudioVersion = 10.0.40219.1
Project("{2150E333-8FDC-42A3-9474-1A3956D46DE8}") = "Domain", "Domain", "{02EA681E-C7D8-13C7-8484-4AC65E1B71E8}"
EndProject
Project("{FAE04EC0-301F-11D3-BF4B-00C04F79EFBC}") = "MicroRabbit.Domain.Core", "MicroRabbit.Domain.Core\MicroRabbit.Domain.Core.csproj", "{435C33E3-FC8F-44D7-899D-9737A64BC56D}"
EndProject
Project("{2150E333-8FDC-42A3-9474-1A3956D46DE8}") = "Infra.Bus", "Infra.Bus", "{49C6AA8B-FFD2-4672-A0BB-02F4A7A69ABF}"
EndProject
Project("{FAE04EC0-301F-11D3-BF4B-00C04F79EFBC}") = "MicroRabbit.Infra.Bus", "MicroRabbit.Infra.Bus\MicroRabbit.Infra.Bus.csproj", "{023B5103-11AE-4166-9E4E-79E51E8564A1}"
EndProject
Project("{2150E333-8FDC-42A3-9474-1A3956D46DE8}") = "Infra.IoC", "Infra.IoC", "{96E459AE-6B76-4692-9AFF-BA1D1FA0E152}"
EndProject
Project("{2150E333-8FDC-42A3-9474-1A3956D46DE8}") = "Microservices", "Microservices", "{2998A46A-78A8-4FAB-8C13-8D03FA251128}"
EndProject
Project("{2150E333-8FDC-42A3-9474-1A3956D46DE8}") = "Presentation", "Presentation", "{F5AB0CA6-112A-4B67-AEB8-5B52B3DBD06E}"
EndProject
Project("{FAE04EC0-301F-11D3-BF4B-00C04F79EFBC}") = "MicroRabbit.Infra.IoC", "MicroRabbit.Infra.IoC\MicroRabbit.Infra.IoC.csproj", "{FB004FE5-D6FE-4227-A892-18CD2AB59CA2}"
EndProject
Project("{2150E333-8FDC-42A3-9474-1A3956D46DE8}") = "Banking", "Banking", "{B652055D-22EB-4B47-8836-527BBBAC4CD6}"
EndProject
Project("{2150E333-8FDC-42A3-9474-1A3956D46DE8}") = "API", "API", "{3E0A7CF1-85F1-40EE-8A63-436E991EC231}"
EndProject
Project("{2150E333-8FDC-42A3-9474-1A3956D46DE8}") = "Application", "Application", "{195F98FB-887F-4927-8F26-AD4803514470}"
EndProject
Project("{2150E333-8FDC-42A3-9474-1A3956D46DE8}") = "Data", "Data", "{EC32302C-4D1B-4D13-B7A8-1B741A6656DB}"
EndProject
Project("{2150E333-8FDC-42A3-9474-1A3956D46DE8}") = "Domain", "Domain", "{E5D3FE16-3CAF-4F25-B2F2-247FC1AB2A5D}"
EndProject
Project("{FAE04EC0-301F-11D3-BF4B-00C04F79EFBC}") = "MicroRabbit.Banking.Api", "MicroRabbit.Banking.Api\MicroRabbit.Banking.Api.csproj", "{0DAD7E7C-726A-4014-BEB0-4E1C35E8C775}"
EndProject
Project("{FAE04EC0-301F-11D3-BF4B-00C04F79EFBC}") = "MicroRabbit.Banking.Application", "MicroRabbit.Banking.Application\MicroRabbit.Banking.Application.csproj", "{63D6C416-0F2E-4B01-9F0E-8E26EF7168AC}"
EndProject
Project("{FAE04EC0-301F-11D3-BF4B-00C04F79EFBC}") = "MicroRabbit.Banking.Data", "MicroRabbit.Banking.Data\MicroRabbit.Banking.Data.csproj", "{A251ED3B-13D5-4118-AEE7-916EFE334B4A}"
EndProject
Project("{FAE04EC0-301F-11D3-BF4B-00C04F79EFBC}") = "MicroRabbit.Banking.Domain", "MicroRabbit.Banking.Domain\MicroRabbit.Banking.Domain.csproj", "{EBD37700-7221-418E-89C4-2E686A73632F}"
EndProject
Global
	GlobalSection(SolutionConfigurationPlatforms) = preSolution
		Debug|Any CPU = Debug|Any CPU
		Release|Any CPU = Release|Any CPU
	EndGlobalSection
	GlobalSection(ProjectConfigurationPlatforms) = postSolution
		{435C33E3-FC8F-44D7-899D-9737A64BC56D}.Debug|Any CPU.ActiveCfg = Debug|Any CPU
		{435C33E3-FC8F-44D7-899D-9737A64BC56D}.Debug|Any CPU.Build.0 = Debug|Any CPU
		{435C33E3-FC8F-44D7-899D-9737A64BC56D}.Release|Any CPU.ActiveCfg = Release|Any CPU
		{435C33E3-FC8F-44D7-899D-9737A64BC56D}.Release|Any CPU.Build.0 = Release|Any CPU
		{023B5103-11AE-4166-9E4E-79E51E8564A1}.Debug|Any CPU.ActiveCfg = Debug|Any CPU
		{023B5103-11AE-4166-9E4E-79E51E8564A1}.Debug|Any CPU.Build.0 = Debug|Any CPU
		{023B5103-11AE-4166-9E4E-79E51E8564A1}.Release|Any CPU.ActiveCfg = Release|Any CPU
		{023B5103-11AE-4166-9E4E-79E51E8564A1}.Release|Any CPU.Build.0 = Release|Any CPU
		{FB004FE5-D6FE-4227-A892-18CD2AB59CA2}.Debug|Any CPU.ActiveCfg = Debug|Any CPU
		{FB004FE5-D6FE-4227-A892-18CD2AB59CA2}.Debug|Any CPU.Build.0 = Debug|Any CPU
		{FB004FE5-D6FE-4227-A892-18CD2AB59CA2}.Release|Any CPU.ActiveCfg = Release|Any CPU
		{FB004FE5-D6FE-4227-A892-18CD2AB59CA2}.Release|Any CPU.Build.0 = Release|Any CPU
		{0DAD7E7C-726A-4014-BEB0-4E1C35E8C775}.Debug|Any CPU.ActiveCfg = Debug|Any CPU
		{0DAD7E7C-726A-4014-BEB0-4E1C35E8C775}.Debug|Any CPU.Build.0 = Debug|Any CPU
		{0DAD7E7C-726A-4014-BEB0-4E1C35E8C775}.Release|Any CPU.ActiveCfg = Release|Any CPU
		{0DAD7E7C-726A-4014-BEB0-4E1C35E8C775}.Release|Any CPU.Build.0 = Release|Any CPU
		{63D6C416-0F2E-4B01-9F0E-8E26EF7168AC}.Debug|Any CPU.ActiveCfg = Debug|Any CPU
		{63D6C416-0F2E-4B01-9F0E-8E26EF7168AC}.Debug|Any CPU.Build.0 = Debug|Any CPU
		{63D6C416-0F2E-4B01-9F0E-8E26EF7168AC}.Release|Any CPU.ActiveCfg = Release|Any CPU
		{63D6C416-0F2E-4B01-9F0E-8E26EF7168AC}.Release|Any CPU.Build.0 = Release|Any CPU
		{A251ED3B-13D5-4118-AEE7-916EFE334B4A}.Debug|Any CPU.ActiveCfg = Debug|Any CPU
		{A251ED3B-13D5-4118-AEE7-916EFE334B4A}.Debug|Any CPU.Build.0 = Debug|Any CPU
		{A251ED3B-13D5-4118-AEE7-916EFE334B4A}.Release|Any CPU.ActiveCfg = Release|Any CPU
		{A251ED3B-13D5-4118-AEE7-916EFE334B4A}.Release|Any CPU.Build.0 = Release|Any CPU
		{EBD37700-7221-418E-89C4-2E686A73632F}.Debug|Any CPU.ActiveCfg = Debug|Any CPU
		{EBD37700-7221-418E-89C4-2E686A73632F}.Debug|Any CPU.Build.0 = Debug|Any CPU
		{EBD37700-7221-418E-89C4-2E686A73632F}.Release|Any CPU.ActiveCfg = Release|Any CPU
		{EBD37700-7221-418E-89C4-2E686A73632F}.Release|Any CPU.Build.0 = Release|Any CPU
	EndGlobalSection
	GlobalSection(SolutionProperties) = preSolution
		HideSolutionNode = FALSE
	EndGlobalSection
	GlobalSection(NestedProjects) = preSolution
		{435C33E3-FC8F-44D7-899D-9737A64BC56D} = {02EA681E-C7D8-13C7-8484-4AC65E1B71E8}
		{023B5103-11AE-4166-9E4E-79E51E8564A1} = {49C6AA8B-FFD2-4672-A0BB-02F4A7A69ABF}
		{FB004FE5-D6FE-4227-A892-18CD2AB59CA2} = {96E459AE-6B76-4692-9AFF-BA1D1FA0E152}
		{B652055D-22EB-4B47-8836-527BBBAC4CD6} = {2998A46A-78A8-4FAB-8C13-8D03FA251128}
		{3E0A7CF1-85F1-40EE-8A63-436E991EC231} = {B652055D-22EB-4B47-8836-527BBBAC4CD6}
		{195F98FB-887F-4927-8F26-AD4803514470} = {B652055D-22EB-4B47-8836-527BBBAC4CD6}
		{EC32302C-4D1B-4D13-B7A8-1B741A6656DB} = {B652055D-22EB-4B47-8836-527BBBAC4CD6}
		{E5D3FE16-3CAF-4F25-B2F2-247FC1AB2A5D} = {B652055D-22EB-4B47-8836-527BBBAC4CD6}
		{0DAD7E7C-726A-4014-BEB0-4E1C35E8C775} = {3E0A7CF1-85F1-40EE-8A63-436E991EC231}
		{63D6C416-0F2E-4B01-9F0E-8E26EF7168AC} = {195F98FB-887F-4927-8F26-AD4803514470}
		{A251ED3B-13D5-4118-AEE7-916EFE334B4A} = {EC32302C-4D1B-4D13-B7A8-1B741A6656DB}
		{EBD37700-7221-418E-89C4-2E686A73632F} = {E5D3FE16-3CAF-4F25-B2F2-247FC1AB2A5D}
	EndGlobalSection
	GlobalSection(ExtensibilityGlobals) = postSolution
		SolutionGuid = {AF590ED7-8F65-47EF-AA7C-756AB3DE5CE3}
	EndGlobalSection
EndGlobal
